{
  "name": "version-poc-consumer",
  "version": "1.0.0",
  "lockfileVersion": 1,
  "requires": true,
  "dependencies": {
    "version-poc1": {
      "version": "1.16.0-main.3",
      "resolved": "https://registry.npmjs.org/version-poc1/-/version-poc1-1.16.0-main.3.tgz",
      "integrity": "sha512-rkg8hgnsua9u8L9oYwC4lNcfKAqboj81XR2s7TFm/cBKs8nVK3QbCU88XEAwsRSQdsTfJHEanekNnlF57RXg/w=="
    }
  }
}
